<?xml version="1.0" encoding="utf-8"?>
<Project ToolsVersion="4.0" xmlns="http://schemas.microsoft.com/developer/msbuild/2003">
  <ItemGroup>
    <FxCompile Include="func.fx">
      <Filter>05. ShaderCode\01. Header</Filter>
    </FxCompile>
    <FxCompile Include="struct.fx">
      <Filter>05. ShaderCode\01. Header</Filter>
    </FxCompile>
    <FxCompile Include="value.fx">
      <Filter>05. ShaderCode\01. Header</Filter>
    </FxCompile>
    <FxCompile Include="debugshape.fx">
      <Filter>05. ShaderCode\02. Render</Filter>
    </FxCompile>
    <FxCompile Include="particle_render.fx">
      <Filter>05. ShaderCode\02. Render</Filter>
    </FxCompile>
    <FxCompile Include="postprocess.fx">
      <Filter>05. ShaderCode\02. Render\2D</Filter>
    </FxCompile>
    <FxCompile Include="std2d.fx">
      <Filter>05. ShaderCode\02. Render\2D</Filter>
    </FxCompile>
    <FxCompile Include="tilemap.fx">
      <Filter>05. ShaderCode\02. Render\2D</Filter>
    </FxCompile>
    <FxCompile Include="skybox.fx">
      <Filter>05. ShaderCode\02. Render\3D</Filter>
    </FxCompile>
    <FxCompile Include="std3d.fx">
      <Filter>05. ShaderCode\02. Render\3D</Filter>
    </FxCompile>
    <FxCompile Include="particle_update.fx">
      <Filter>05. ShaderCode\03. Compute</Filter>
    </FxCompile>
    <FxCompile Include="setcolor.fx">
      <Filter>05. ShaderCode\03. Compute</Filter>
    </FxCompile>
    <FxCompile Include="std3d_deferred.fx">
      <Filter>05. ShaderCode\02. Render\3D</Filter>
    </FxCompile>
    <FxCompile Include="light.fx">
      <Filter>05. ShaderCode\02. Render\3D</Filter>
    </FxCompile>
    <FxCompile Include="decal.fx">
      <Filter>05. ShaderCode\02. Render\3D</Filter>
    </FxCompile>
    <FxCompile Include="tess.fx">
      <Filter>05. ShaderCode\02. Render\3D</Filter>
    </FxCompile>
    <FxCompile Include="landscape.fx">
      <Filter>05. ShaderCode\02. Render\3D</Filter>
    </FxCompile>
    <FxCompile Include="frustum.fx">
      <Filter>05. ShaderCode\02. Render\3D</Filter>
    </FxCompile>
    <FxCompile Include="heightmap.fx">
      <Filter>05. ShaderCode\03. Compute\LandScape\HeightMap</Filter>
    </FxCompile>
    <FxCompile Include="raycast.fx">
      <Filter>05. ShaderCode\03. Compute\LandScape\RayCast</Filter>
    </FxCompile>
    <FxCompile Include="weightmap.fx">
      <Filter>05. ShaderCode\03. Compute\LandScape\WeightMap</Filter>
    </FxCompile>
  </ItemGroup>
  <ItemGroup>
    <ClCompile Include="CEntity.cpp" />
    <ClCompile Include="Engine.cpp" />
    <ClCompile Include="CAnim2D.cpp">
      <Filter>03. CGameObject\Component</Filter>
    </ClCompile>
    <ClCompile Include="CAnimator2D.cpp">
      <Filter>03. CGameObject\Component</Filter>
    </ClCompile>
    <ClCompile Include="CCollider2D.cpp">
      <Filter>03. CGameObject\Component</Filter>
    </ClCompile>
    <ClCompile Include="CCollisionMgr.cpp">
      <Filter>02. Manager</Filter>
    </ClCompile>
    <ClCompile Include="CComponent.cpp">
      <Filter>03. CGameObject\Component</Filter>
    </ClCompile>
    <ClCompile Include="CComputeShader.cpp">
      <Filter>04. Resource</Filter>
    </ClCompile>
    <ClCompile Include="CDevice.cpp">
      <Filter>02. Manager</Filter>
    </ClCompile>
    <ClCompile Include="CEngine.cpp">
      <Filter>02. Manager</Filter>
    </ClCompile>
    <ClCompile Include="CEventMgr.cpp">
      <Filter>02. Manager</Filter>
    </ClCompile>
    <ClCompile Include="CFontMgr.cpp">
      <Filter>02. Manager</Filter>
    </ClCompile>
    <ClCompile Include="CKeyMgr.cpp">
      <Filter>02. Manager</Filter>
    </ClCompile>
    <ClCompile Include="CLevelMgr.cpp">
      <Filter>02. Manager</Filter>
    </ClCompile>
    <ClCompile Include="CGraphicsShader.cpp">
      <Filter>04. Resource</Filter>
    </ClCompile>
    <ClCompile Include="CMaterial.cpp">
      <Filter>04. Resource</Filter>
    </ClCompile>
    <ClCompile Include="CMesh.cpp">
      <Filter>04. Resource</Filter>
    </ClCompile>
    <ClCompile Include="CLight2D.cpp">
      <Filter>03. CGameObject\Component</Filter>
    </ClCompile>
    <ClCompile Include="CPrefab.cpp">
      <Filter>03. CGameObject\Component</Filter>
    </ClCompile>
    <ClCompile Include="CTransform.cpp">
      <Filter>03. CGameObject\Component</Filter>
    </ClCompile>
    <ClCompile Include="CScript.cpp">
      <Filter>03. CGameObject\Component</Filter>
    </ClCompile>
    <ClCompile Include="CTimeMgr.cpp">
      <Filter>02. Manager</Filter>
    </ClCompile>
    <ClCompile Include="CPathMgr.cpp">
      <Filter>02. Manager</Filter>
    </ClCompile>
    <ClCompile Include="CTexture.cpp">
      <Filter>04. Resource</Filter>
    </ClCompile>
    <ClCompile Include="CSound.cpp">
      <Filter>04. Resource</Filter>
    </ClCompile>
    <ClCompile Include="CRes.cpp">
      <Filter>04. Resource</Filter>
    </ClCompile>
    <ClCompile Include="CShader.cpp">
      <Filter>04. Resource</Filter>
    </ClCompile>
    <ClCompile Include="CLight3D.cpp">
      <Filter>03. CGameObject\Component</Filter>
    </ClCompile>
    <ClCompile Include="CMeshRender.cpp">
      <Filter>03. CGameObject\Component\RenderComponent</Filter>
    </ClCompile>
    <ClCompile Include="CParticleSystem.cpp">
      <Filter>03. CGameObject\Component\RenderComponent</Filter>
    </ClCompile>
    <ClCompile Include="CRenderComponent.cpp">
      <Filter>03. CGameObject\Component\RenderComponent</Filter>
    </ClCompile>
    <ClCompile Include="CTileMap.cpp">
      <Filter>03. CGameObject\Component\RenderComponent</Filter>
    </ClCompile>
    <ClCompile Include="CSkyBox.cpp">
      <Filter>03. CGameObject\Component\RenderComponent</Filter>
    </ClCompile>
    <ClCompile Include="extern.cpp">
      <Filter>Default</Filter>
    </ClCompile>
    <ClCompile Include="func.cpp">
      <Filter>Default</Filter>
    </ClCompile>
    <ClCompile Include="pch.cpp">
      <Filter>Default</Filter>
    </ClCompile>
    <ClCompile Include="CGameObject.cpp">
      <Filter>03. CGameObject</Filter>
    </ClCompile>
    <ClCompile Include="CParticleUpdateShader.cpp">
      <Filter>05. ShaderCode\03. Compute</Filter>
    </ClCompile>
    <ClCompile Include="CSetColorShader.cpp">
      <Filter>05. ShaderCode\03. Compute</Filter>
    </ClCompile>
    <ClCompile Include="CConstBuffer.cpp">
      <Filter>07. Buffer</Filter>
    </ClCompile>
    <ClCompile Include="CStructuredBuffer.cpp">
      <Filter>07. Buffer</Filter>
    </ClCompile>
    <ClCompile Include="CLayer.cpp">
      <Filter>06. Level</Filter>
    </ClCompile>
    <ClCompile Include="CLevel.cpp">
      <Filter>06. Level</Filter>
    </ClCompile>
    <ClCompile Include="CMRT.cpp">
      <Filter>08. MRT</Filter>
    </ClCompile>
    <ClCompile Include="CRenderMgr.cpp">
      <Filter>02. Manager\00. RenderMgr</Filter>
    </ClCompile>
    <ClCompile Include="CRenderMgr_init.cpp">
      <Filter>02. Manager\00. RenderMgr</Filter>
    </ClCompile>
    <ClCompile Include="CResMgr.cpp">
      <Filter>02. Manager\01. ResMgr</Filter>
    </ClCompile>
    <ClCompile Include="CDecal.cpp">
      <Filter>03. CGameObject\Component\RenderComponent</Filter>
    </ClCompile>
    <ClCompile Include="CResMgr_init.cpp">
      <Filter>02. Manager\01. ResMgr</Filter>
    </ClCompile>
    <ClCompile Include="CCamera.cpp">
      <Filter>03. CGameObject\Component\Camera</Filter>
    </ClCompile>
    <ClCompile Include="CFrustum.cpp">
      <Filter>03. CGameObject\Component\Camera</Filter>
    </ClCompile>
    <ClCompile Include="PhysXMgr.cpp">
      <Filter>02. Manager\PhysXMgr</Filter>
    </ClCompile>
    <ClCompile Include="CLandScape.cpp">
      <Filter>03. CGameObject\Component\RenderComponent\LandScape</Filter>
    </ClCompile>
    <ClCompile Include="CLandScape_init.cpp">
      <Filter>03. CGameObject\Component\RenderComponent\LandScape</Filter>
    </ClCompile>
    <ClCompile Include="CHeightMapShader.cpp">
      <Filter>05. ShaderCode\03. Compute\LandScape\HeightMap</Filter>
    </ClCompile>
    <ClCompile Include="CRaycastShader.cpp">
      <Filter>05. ShaderCode\03. Compute\LandScape\RayCast</Filter>
    </ClCompile>
    <ClCompile Include="CWeightMapShader.cpp">
      <Filter>05. ShaderCode\03. Compute\LandScape\WeightMap</Filter>
    </ClCompile>
  </ItemGroup>
  <ItemGroup>
    <ClInclude Include="CEntity.h" />
    <ClInclude Include="CAnim2D.h">
      <Filter>03. CGameObject\Component</Filter>
    </ClInclude>
    <ClInclude Include="CAnimator2D.h">
      <Filter>03. CGameObject\Component</Filter>
    </ClInclude>
    <ClInclude Include="CCollider2D.h">
      <Filter>03. CGameObject\Component</Filter>
    </ClInclude>
    <ClInclude Include="CCollisionMgr.h">
      <Filter>02. Manager</Filter>
    </ClInclude>
    <ClInclude Include="CComponent.h">
      <Filter>03. CGameObject\Component</Filter>
    </ClInclude>
    <ClInclude Include="CComputeShader.h">
      <Filter>04. Resource</Filter>
    </ClInclude>
    <ClInclude Include="CDevice.h">
      <Filter>02. Manager</Filter>
    </ClInclude>
    <ClInclude Include="CEngine.h">
      <Filter>02. Manager</Filter>
    </ClInclude>
    <ClInclude Include="CEventMgr.h">
      <Filter>02. Manager</Filter>
    </ClInclude>
    <ClInclude Include="CFontMgr.h">
      <Filter>02. Manager</Filter>
    </ClInclude>
    <ClInclude Include="CKeyMgr.h">
      <Filter>02. Manager</Filter>
    </ClInclude>
    <ClInclude Include="CLevelMgr.h">
      <Filter>02. Manager</Filter>
    </ClInclude>
    <ClInclude Include="CGraphicsShader.h">
      <Filter>04. Resource</Filter>
    </ClInclude>
    <ClInclude Include="CMaterial.h">
      <Filter>04. Resource</Filter>
    </ClInclude>
    <ClInclude Include="CMesh.h">
      <Filter>04. Resource</Filter>
    </ClInclude>
    <ClInclude Include="CLight2D.h">
      <Filter>03. CGameObject\Component</Filter>
    </ClInclude>
    <ClInclude Include="components.h">
      <Filter>01. header</Filter>
    </ClInclude>
    <ClInclude Include="CPrefab.h">
      <Filter>03. CGameObject\Component</Filter>
    </ClInclude>
    <ClInclude Include="CTransform.h">
      <Filter>03. CGameObject\Component</Filter>
    </ClInclude>
    <ClInclude Include="CScript.h">
      <Filter>03. CGameObject\Component</Filter>
    </ClInclude>
    <ClInclude Include="CTimeMgr.h">
      <Filter>02. Manager</Filter>
    </ClInclude>
    <ClInclude Include="CPathMgr.h">
      <Filter>02. Manager</Filter>
    </ClInclude>
    <ClInclude Include="global.h">
      <Filter>01. header</Filter>
    </ClInclude>
    <ClInclude Include="define.h">
      <Filter>01. header</Filter>
    </ClInclude>
    <ClInclude Include="CSingleton.h">
      <Filter>01. header</Filter>
    </ClInclude>
    <ClInclude Include="CTexture.h">
      <Filter>04. Resource</Filter>
    </ClInclude>
    <ClInclude Include="CSound.h">
      <Filter>04. Resource</Filter>
    </ClInclude>
    <ClInclude Include="CRes.h">
      <Filter>04. Resource</Filter>
    </ClInclude>
    <ClInclude Include="CShader.h">
      <Filter>04. Resource</Filter>
    </ClInclude>
    <ClInclude Include="func.h">
      <Filter>01. header</Filter>
    </ClInclude>
    <ClInclude Include="struct.h">
      <Filter>01. header</Filter>
    </ClInclude>
    <ClInclude Include="SimpleMath.h">
      <Filter>01. header</Filter>
    </ClInclude>
    <ClInclude Include="ptr.h">
      <Filter>01. header</Filter>
    </ClInclude>
    <ClInclude Include="CLight3D.h">
      <Filter>03. CGameObject\Component</Filter>
    </ClInclude>
    <ClInclude Include="CMeshRender.h">
      <Filter>03. CGameObject\Component\RenderComponent</Filter>
    </ClInclude>
    <ClInclude Include="CParticleSystem.h">
      <Filter>03. CGameObject\Component\RenderComponent</Filter>
    </ClInclude>
    <ClInclude Include="CRenderComponent.h">
      <Filter>03. CGameObject\Component\RenderComponent</Filter>
    </ClInclude>
    <ClInclude Include="CTileMap.h">
      <Filter>03. CGameObject\Component\RenderComponent</Filter>
    </ClInclude>
    <ClInclude Include="CSkyBox.h">
      <Filter>03. CGameObject\Component\RenderComponent</Filter>
    </ClInclude>
    <ClInclude Include="framework.h">
      <Filter>Default</Filter>
    </ClInclude>
    <ClInclude Include="pch.h">
      <Filter>Default</Filter>
    </ClInclude>
    <ClInclude Include="CGameObject.h">
      <Filter>03. CGameObject</Filter>
    </ClInclude>
    <ClInclude Include="CParticleUpdateShader.h">
      <Filter>05. ShaderCode\03. Compute</Filter>
    </ClInclude>
    <ClInclude Include="CSetColorShader.h">
      <Filter>05. ShaderCode\03. Compute</Filter>
    </ClInclude>
    <ClInclude Include="CConstBuffer.h">
      <Filter>07. Buffer</Filter>
    </ClInclude>
    <ClInclude Include="CStructuredBuffer.h">
      <Filter>07. Buffer</Filter>
    </ClInclude>
    <ClInclude Include="CLayer.h">
      <Filter>06. Level</Filter>
    </ClInclude>
    <ClInclude Include="CLevel.h">
      <Filter>06. Level</Filter>
    </ClInclude>
    <ClInclude Include="CMRT.h">
      <Filter>08. MRT</Filter>
    </ClInclude>
    <ClInclude Include="CRenderMgr.h">
      <Filter>02. Manager\00. RenderMgr</Filter>
    </ClInclude>
    <ClInclude Include="CResMgr.h">
      <Filter>02. Manager\01. ResMgr</Filter>
    </ClInclude>
    <ClInclude Include="CDecal.h">
      <Filter>03. CGameObject\Component\RenderComponent</Filter>
    </ClInclude>
    <ClInclude Include="CCamera.h">
      <Filter>03. CGameObject\Component\Camera</Filter>
    </ClInclude>
    <ClInclude Include="CFrustum.h">
      <Filter>03. CGameObject\Component\Camera</Filter>
    </ClInclude>
    <ClInclude Include="PhysXMgr.h">
      <Filter>02. Manager\PhysXMgr</Filter>
    </ClInclude>
    <ClInclude Include="CLandScape.h">
      <Filter>03. CGameObject\Component\RenderComponent\LandScape</Filter>
    </ClInclude>
    <ClInclude Include="CHeightMapShader.h">
      <Filter>05. ShaderCode\03. Compute\LandScape\HeightMap</Filter>
    </ClInclude>
    <ClInclude Include="CRaycastShader.h">
      <Filter>05. ShaderCode\03. Compute\LandScape\RayCast</Filter>
    </ClInclude>
    <ClInclude Include="CWeightMapShader.h">
      <Filter>05. ShaderCode\03. Compute\LandScape\WeightMap</Filter>
    </ClInclude>
  </ItemGroup>
  <ItemGroup>
    <Filter Include="01. header">
      <UniqueIdentifier>{4549b324-204a-4360-8422-8ea0a013e6f3}</UniqueIdentifier>
    </Filter>
    <Filter Include="02. Manager">
      <UniqueIdentifier>{830b9d4d-530e-42eb-8f44-7a781a1cedd3}</UniqueIdentifier>
    </Filter>
    <Filter Include="05. ShaderCode">
      <UniqueIdentifier>{15b6b9d7-1520-41ab-ac99-8b1cfe0a51d4}</UniqueIdentifier>
    </Filter>
    <Filter Include="04. Resource">
      <UniqueIdentifier>{4fbc524d-557e-41b9-9293-067af8c42ecd}</UniqueIdentifier>
    </Filter>
    <Filter Include="03. CGameObject">
      <UniqueIdentifier>{2b6a0024-4123-4a3c-9117-79748e03f505}</UniqueIdentifier>
    </Filter>
    <Filter Include="03. CGameObject\Component">
      <UniqueIdentifier>{ad704555-61f7-45fb-9c5b-04603be05800}</UniqueIdentifier>
    </Filter>
    <Filter Include="03. CGameObject\Component\RenderComponent">
      <UniqueIdentifier>{3ae703e4-fa1b-4106-b337-e7cc537b582c}</UniqueIdentifier>
    </Filter>
    <Filter Include="Default">
      <UniqueIdentifier>{c613b722-6c50-4ad2-aff8-5e8bdae684ee}</UniqueIdentifier>
    </Filter>
    <Filter Include="08. MRT">
      <UniqueIdentifier>{a5abcef3-6016-46db-84fa-19efdce00a95}</UniqueIdentifier>
    </Filter>
    <Filter Include="05. ShaderCode\01. Header">
      <UniqueIdentifier>{a92d3aa6-3f00-49a2-b990-2c8a5c6af330}</UniqueIdentifier>
    </Filter>
    <Filter Include="05. ShaderCode\02. Render">
      <UniqueIdentifier>{453a81ed-7056-4f4b-9ec9-252c646b7cde}</UniqueIdentifier>
    </Filter>
    <Filter Include="05. ShaderCode\02. Render\2D">
      <UniqueIdentifier>{0a9ef8af-8ee0-4b32-abaa-844d7348d84e}</UniqueIdentifier>
    </Filter>
    <Filter Include="05. ShaderCode\02. Render\3D">
      <UniqueIdentifier>{de91b571-d247-4496-ab00-9d788c45166a}</UniqueIdentifier>
    </Filter>
    <Filter Include="05. ShaderCode\03. Compute">
      <UniqueIdentifier>{31961425-7987-4bd6-a12b-6f7706893081}</UniqueIdentifier>
    </Filter>
    <Filter Include="07. Buffer">
      <UniqueIdentifier>{19974b2e-af7d-44c2-afb3-478f4079ae77}</UniqueIdentifier>
    </Filter>
    <Filter Include="06. Level">
      <UniqueIdentifier>{9b585ac4-9db7-4b4e-979d-11c6ea0bce84}</UniqueIdentifier>
    </Filter>
    <Filter Include="02. Manager\00. RenderMgr">
      <UniqueIdentifier>{f5a6e161-b194-41bb-a928-ffaba503f9e4}</UniqueIdentifier>
    </Filter>
    <Filter Include="02. Manager\01. ResMgr">
      <UniqueIdentifier>{5f0024be-9970-4309-91dd-545e60fae478}</UniqueIdentifier>
    </Filter>
    <Filter Include="03. CGameObject\Component\Camera">
      <UniqueIdentifier>{b8d31448-7b5a-4441-bd1f-1113fb873adc}</UniqueIdentifier>
    </Filter>
    <Filter Include="02. Manager\PhysXMgr">
      <UniqueIdentifier>{5fe280cc-e355-4732-8f66-67a8d33a4f6e}</UniqueIdentifier>
    </Filter>
    <Filter Include="05. ShaderCode\03. Compute\LandScape">
      <UniqueIdentifier>{995c04dd-d5a8-4074-844b-8b5f16fce037}</UniqueIdentifier>
    </Filter>
    <Filter Include="05. ShaderCode\03. Compute\LandScape\HeightMap">
      <UniqueIdentifier>{e47013c7-1867-4853-9f4f-544d0484038a}</UniqueIdentifier>
    </Filter>
    <Filter Include="03. CGameObject\Component\RenderComponent\LandScape">
      <UniqueIdentifier>{b84f6a0b-11d4-47a3-8f01-a9987a79e6e6}</UniqueIdentifier>
    </Filter>
    <Filter Include="05. ShaderCode\03. Compute\LandScape\RayCast">
      <UniqueIdentifier>{4f2d492e-2830-4dd9-acdb-a0934b323b4f}</UniqueIdentifier>
    </Filter>
    <Filter Include="05. ShaderCode\03. Compute\LandScape\WeightMap">
      <UniqueIdentifier>{1d879f11-d5ef-4b15-bb8e-2729bba6e593}</UniqueIdentifier>
    </Filter>
  </ItemGroup>
  <ItemGroup>
    <None Include="SimpleMath.inl">
      <Filter>01. header</Filter>
    </None>
  </ItemGroup>
</Project>